
Microsoft Visual Studio Solution File, Format Version 12.00
# Visual Studio Version 17
VisualStudioVersion = 17.2.32630.192
MinimumVisualStudioVersion = 10.0.40219.1
Project("{9A19103F-16F7-4668-BE54-9A1E7A4F7556}") = "SSO_Login", "SSO_Login.csproj", "{B67709AF-F51B-41DB-ACFD-6383E48D75A4}"
EndProject
Global
	GlobalSection(SolutionConfigurationPlatforms) = preSolution
		Debug|Any CPU = Debug|Any CPU
		Release|Any CPU = Release|Any CPU
	EndGlobalSection
	GlobalSection(ProjectConfigurationPlatforms) = postSolution
		{B67709AF-F51B-41DB-ACFD-6383E48D75A4}.Debug|Any CPU.ActiveCfg = Debug|Any CPU
		{B67709AF-F51B-41DB-ACFD-6383E48D75A4}.Debug|Any CPU.Build.0 = Debug|Any CPU
		{B67709AF-F51B-41DB-ACFD-6383E48D75A4}.Release|Any CPU.ActiveCfg = Release|Any CPU
		{B67709AF-F51B-41DB-ACFD-6383E48D75A4}.Release|Any CPU.Build.0 = Release|Any CPU
	EndGlobalSection
	GlobalSection(SolutionProperties) = preSolution
		HideSolutionNode = FALSE
	EndGlobalSection
	GlobalSection(ExtensibilityGlobals) = postSolution
		SolutionGuid = {FB6EABBB-9790-4BEA-AAD8-EFDCC5E9FB5B}
	EndGlobalSection
EndGlobal
